
Microsoft Visual Studio Solution File, Format Version 12.00
# Visual Studio Version 16
VisualStudioVersion = 16.0.29123.88
MinimumVisualStudioVersion = 10.0.40219.1
Project("{9A19103F-16F7-4668-BE54-9A1E7A4F7556}") = "SignNow.Net", "SignNow.Net\SignNow.Net.csproj", "{1CFF2900-B024-4203-B5EF-DBD67956F119}"
EndProject
Project("{9A19103F-16F7-4668-BE54-9A1E7A4F7556}") = "SignNow.Net.Test", "SignNow.Net.Test\SignNow.Net.Test.csproj", "{C6C13EEA-D7E3-451A-8F01-8D330F864198}"
EndProject
Global
	GlobalSection(SolutionConfigurationPlatforms) = preSolution
		Debug|Any CPU = Debug|Any CPU
		Release|Any CPU = Release|Any CPU
	EndGlobalSection
	GlobalSection(ProjectConfigurationPlatforms) = postSolution
		{1CFF2900-B024-4203-B5EF-DBD67956F119}.Debug|Any CPU.ActiveCfg = Debug|Any CPU
		{1CFF2900-B024-4203-B5EF-DBD67956F119}.Debug|Any CPU.Build.0 = Debug|Any CPU
		{1CFF2900-B024-4203-B5EF-DBD67956F119}.Release|Any CPU.ActiveCfg = Release|Any CPU
		{1CFF2900-B024-4203-B5EF-DBD67956F119}.Release|Any CPU.Build.0 = Release|Any CPU
		{C6C13EEA-D7E3-451A-8F01-8D330F864198}.Debug|Any CPU.ActiveCfg = Debug|Any CPU
		{C6C13EEA-D7E3-451A-8F01-8D330F864198}.Debug|Any CPU.Build.0 = Debug|Any CPU
		{C6C13EEA-D7E3-451A-8F01-8D330F864198}.Release|Any CPU.ActiveCfg = Release|Any CPU
	EndGlobalSection
	GlobalSection(SolutionProperties) = preSolution
		HideSolutionNode = FALSE
	EndGlobalSection
	GlobalSection(ExtensibilityGlobals) = postSolution
		SolutionGuid = {C3017FCB-C057-45C2-907C-F975980A2E9F}
	EndGlobalSection
	GlobalSection(MonoDevelopProperties) = preSolution
		Policies = $0
		$0.DotNetNamingPolicy = $1
		$1.DirectoryNamespaceAssociation = PrefixedHierarchical
		$0.StandardHeader = $2
		$0.VersionControlPolicy = $3
		version = 0.5.0-beta
	EndGlobalSection
EndGlobal
